// !$*UTF8*$!
{
	archiveVersion = 1;
	classes = {
	};
	objectVersion = 46;
	objects = {

/* Begin PBXBuildFile section */
		7D0527351A9257C100C9A5E1 /* AppDelegate.swift in Sources */ = {isa = PBXBuildFile; fileRef = 7D0527341A9257C100C9A5E1 /* AppDelegate.swift */; };
		7D0527371A9257C100C9A5E1 /* Images.xcassets in Resources */ = {isa = PBXBuildFile; fileRef = 7D0527361A9257C100C9A5E1 /* Images.xcassets */; };
		7D05273A1A9257C100C9A5E1 /* MainMenu.xib in Resources */ = {isa = PBXBuildFile; fileRef = 7D0527381A9257C100C9A5E1 /* MainMenu.xib */; };
		7D0527461A9257C200C9A5E1 /* RanchForecastTests.swift in Sources */ = {isa = PBXBuildFile; fileRef = 7D0527451A9257C200C9A5E1 /* RanchForecastTests.swift */; };
		7D0527511A9259DE00C9A5E1 /* MainWindowController.swift in Sources */ = {isa = PBXBuildFile; fileRef = 7D05274F1A9259DE00C9A5E1 /* MainWindowController.swift */; };
		7D0527521A9259DE00C9A5E1 /* MainWindowController.xib in Resources */ = {isa = PBXBuildFile; fileRef = 7D0527501A9259DE00C9A5E1 /* MainWindowController.xib */; };
		7D0527541A925B7900C9A5E1 /* Course.swift in Sources */ = {isa = PBXBuildFile; fileRef = 7D0527531A925B7900C9A5E1 /* Course.swift */; };
		7D0527561A92612700C9A5E1 /* ScheduleFetcher.swift in Sources */ = {isa = PBXBuildFile; fileRef = 7D0527551A92612700C9A5E1 /* ScheduleFetcher.swift */; };
/* End PBXBuildFile section */

/* Begin PBXContainerItemProxy section */
		7D0527401A9257C200C9A5E1 /* PBXContainerItemProxy */ = {
			isa = PBXContainerItemProxy;
			containerPortal = 7D0527271A9257C100C9A5E1 /* Project object */;
			proxyType = 1;
			remoteGlobalIDString = 7D05272E1A9257C100C9A5E1;
			remoteInfo = RanchForecast;
		};
/* End PBXContainerItemProxy section */

/* Begin PBXFileReference section */
		7D05272F1A9257C100C9A5E1 /* RanchForecast.app */ = {isa = PBXFileReference; explicitFileType = wrapper.application; includeInIndex = 0; path = RanchForecast.app; sourceTree = BUILT_PRODUCTS_DIR; };
		7D0527331A9257C100C9A5E1 /* Info.plist */ = {isa = PBXFileReference; lastKnownFileType = text.plist.xml; path = Info.plist; sourceTree = "<group>"; };
		7D0527341A9257C100C9A5E1 /* AppDelegate.swift */ = {isa = PBXFileReference; lastKnownFileType = sourcecode.swift; path = AppDelegate.swift; sourceTree = "<group>"; };
		7D0527361A9257C100C9A5E1 /* Images.xcassets */ = {isa = PBXFileReference; lastKnownFileType = folder.assetcatalog; path = Images.xcassets; sourceTree = "<group>"; };
		7D0527391A9257C100C9A5E1 /* Base */ = {isa = PBXFileReference; lastKnownFileType = file.xib; name = Base; path = Base.lproj/MainMenu.xib; sourceTree = "<group>"; };
		7D05273F1A9257C200C9A5E1 /* RanchForecastTests.xctest */ = {isa = PBXFileReference; explicitFileType = wrapper.cfbundle; includeInIndex = 0; path = RanchForecastTests.xctest; sourceTree = BUILT_PRODUCTS_DIR; };
		7D0527441A9257C200C9A5E1 /* Info.plist */ = {isa = PBXFileReference; lastKnownFileType = text.plist.xml; path = Info.plist; sourceTree = "<group>"; };
		7D0527451A9257C200C9A5E1 /* RanchForecastTests.swift */ = {isa = PBXFileReference; lastKnownFileType = sourcecode.swift; path = RanchForecastTests.swift; sourceTree = "<group>"; };
		7D05274F1A9259DE00C9A5E1 /* MainWindowController.swift */ = {isa = PBXFileReference; fileEncoding = 4; lastKnownFileType = sourcecode.swift; path = MainWindowController.swift; sourceTree = "<group>"; };
		7D0527501A9259DE00C9A5E1 /* MainWindowController.xib */ = {isa = PBXFileReference; fileEncoding = 4; lastKnownFileType = file.xib; path = MainWindowController.xib; sourceTree = "<group>"; };
		7D0527531A925B7900C9A5E1 /* Course.swift */ = {isa = PBXFileReference; fileEncoding = 4; lastKnownFileType = sourcecode.swift; path = Course.swift; sourceTree = "<group>"; };
		7D0527551A92612700C9A5E1 /* ScheduleFetcher.swift */ = {isa = PBXFileReference; fileEncoding = 4; lastKnownFileType = sourcecode.swift; path = ScheduleFetcher.swift; sourceTree = "<group>"; };
/* End PBXFileReference section */

/* Begin PBXFrameworksBuildPhase section */
		7D05272C1A9257C100C9A5E1 /* Frameworks */ = {
			isa = PBXFrameworksBuildPhase;
			buildActionMask = 2147483647;
			files = (
			);
			runOnlyForDeploymentPostprocessing = 0;
		};
		7D05273C1A9257C200C9A5E1 /* Frameworks */ = {
			isa = PBXFrameworksBuildPhase;
			buildActionMask = 2147483647;
			files = (
			);
			runOnlyForDeploymentPostprocessing = 0;
		};
/* End PBXFrameworksBuildPhase section */

/* Begin PBXGroup section */
		7D0527261A9257C100C9A5E1 = {
			isa = PBXGroup;
			children = (
				7D0527311A9257C100C9A5E1 /* RanchForecast */,
				7D0527421A9257C200C9A5E1 /* RanchForecastTests */,
				7D0527301A9257C100C9A5E1 /* Products */,
			);
			sourceTree = "<group>";
		};
		7D0527301A9257C100C9A5E1 /* Products */ = {
			isa = PBXGroup;
			children = (
				7D05272F1A9257C100C9A5E1 /* RanchForecast.app */,
				7D05273F1A9257C200C9A5E1 /* RanchForecastTests.xctest */,
			);
			name = Products;
			sourceTree = "<group>";
		};
		7D0527311A9257C100C9A5E1 /* RanchForecast */ = {
			isa = PBXGroup;
			children = (
				7D0527341A9257C100C9A5E1 /* AppDelegate.swift */,
				7D05274F1A9259DE00C9A5E1 /* MainWindowController.swift */,
				7D0527501A9259DE00C9A5E1 /* MainWindowController.xib */,
				7D0527531A925B7900C9A5E1 /* Course.swift */,
				7D0527551A92612700C9A5E1 /* ScheduleFetcher.swift */,
				7D0527361A9257C100C9A5E1 /* Images.xcassets */,
				7D0527381A9257C100C9A5E1 /* MainMenu.xib */,
				7D0527321A9257C100C9A5E1 /* Supporting Files */,
			);
			path = RanchForecast;
			sourceTree = "<group>";
		};
		7D0527321A9257C100C9A5E1 /* Supporting Files */ = {
			isa = PBXGroup;
			children = (
				7D0527331A9257C100C9A5E1 /* Info.plist */,
			);
			name = "Supporting Files";
			sourceTree = "<group>";
		};
		7D0527421A9257C200C9A5E1 /* RanchForecastTests */ = {
			isa = PBXGroup;
			children = (
				7D0527451A9257C200C9A5E1 /* RanchForecastTests.swift */,
				7D0527431A9257C200C9A5E1 /* Supporting Files */,
			);
			path = RanchForecastTests;
			sourceTree = "<group>";
		};
		7D0527431A9257C200C9A5E1 /* Supporting Files */ = {
			isa = PBXGroup;
			children = (
				7D0527441A9257C200C9A5E1 /* Info.plist */,
			);
			name = "Supporting Files";
			sourceTree = "<group>";
		};
/* End PBXGroup section */

/* Begin PBXNativeTarget section */
		7D05272E1A9257C100C9A5E1 /* RanchForecast */ = {
			isa = PBXNativeTarget;
			buildConfigurationList = 7D0527491A9257C200C9A5E1 /* Build configuration list for PBXNativeTarget "RanchForecast" */;
			buildPhases = (
				7D05272B1A9257C100C9A5E1 /* Sources */,
				7D05272C1A9257C100C9A5E1 /* Frameworks */,
				7D05272D1A9257C100C9A5E1 /* Resources */,
			);
			buildRules = (
			);
			dependencies = (
			);
			name = RanchForecast;
			productName = RanchForecast;
			productReference = 7D05272F1A9257C100C9A5E1 /* RanchForecast.app */;
			productType = "com.apple.product-type.application";
		};
		7D05273E1A9257C200C9A5E1 /* RanchForecastTests */ = {
			isa = PBXNativeTarget;
			buildConfigurationList = 7D05274C1A9257C200C9A5E1 /* Build configuration list for PBXNativeTarget "RanchForecastTests" */;
			buildPhases = (
				7D05273B1A9257C200C9A5E1 /* Sources */,
				7D05273C1A9257C200C9A5E1 /* Frameworks */,
				7D05273D1A9257C200C9A5E1 /* Resources */,
			);
			buildRules = (
			);
			dependencies = (
				7D0527411A9257C200C9A5E1 /* PBXTargetDependency */,
			);
			name = RanchForecastTests;
			productName = RanchForecastTests;
			productReference = 7D05273F1A9257C200C9A5E1 /* RanchForecastTests.xctest */;
			productType = "com.apple.product-type.bundle.unit-test";
		};
/* End PBXNativeTarget section */

/* Begin PBXProject section */
		7D0527271A9257C100C9A5E1 /* Project object */ = {
			isa = PBXProject;
			attributes = {
				LastUpgradeCheck = 1020;
				ORGANIZATIONNAME = "Big Nerd Ranch";
				TargetAttributes = {
					7D05272E1A9257C100C9A5E1 = {
						CreatedOnToolsVersion = 6.3;
						LastSwiftMigration = 1020;
					};
					7D05273E1A9257C200C9A5E1 = {
						CreatedOnToolsVersion = 6.3;
						LastSwiftMigration = 1020;
						TestTargetID = 7D05272E1A9257C100C9A5E1;
					};
				};
			};
			buildConfigurationList = 7D05272A1A9257C100C9A5E1 /* Build configuration list for PBXProject "RanchForecast" */;
			compatibilityVersion = "Xcode 3.2";
			developmentRegion = en;
			hasScannedForEncodings = 0;
			knownRegions = (
				en,
				Base,
			);
			mainGroup = 7D0527261A9257C100C9A5E1;
			productRefGroup = 7D0527301A9257C100C9A5E1 /* Products */;
			projectDirPath = "";
			projectRoot = "";
			targets = (
				7D05272E1A9257C100C9A5E1 /* RanchForecast */,
				7D05273E1A9257C200C9A5E1 /* RanchForecastTests */,
			);
		};
/* End PBXProject section */

/* Begin PBXResourcesBuildPhase section */
		7D05272D1A9257C100C9A5E1 /* Resources */ = {
			isa = PBXResourcesBuildPhase;
			buildActionMask = 2147483647;
			files = (
				7D0527371A9257C100C9A5E1 /* Images.xcassets in Resources */,
				7D0527521A9259DE00C9A5E1 /* MainWindowController.xib in Resources */,
				7D05273A1A9257C100C9A5E1 /* MainMenu.xib in Resources */,
			);
			runOnlyForDeploymentPostprocessing = 0;
		};
		7D05273D1A9257C200C9A5E1 /* Resources */ = {
			isa = PBXResourcesBuildPhase;
			buildActionMask = 2147483647;
			files = (
			);
			runOnlyForDeploymentPostprocessing = 0;
		};
/* End PBXResourcesBuildPhase section */

/* Begin PBXSourcesBuildPhase section */
		7D05272B1A9257C100C9A5E1 /* Sources */ = {
			isa = PBXSourcesBuildPhase;
			buildActionMask = 2147483647;
			files = (
				7D0527541A925B7900C9A5E1 /* Course.swift in Sources */,
				7D0527511A9259DE00C9A5E1 /* MainWindowController.swift in Sources */,
				7D0527561A92612700C9A5E1 /* ScheduleFetcher.swift in Sources */,
				7D0527351A9257C100C9A5E1 /* AppDelegate.swift in Sources */,
			);
			runOnlyForDeploymentPostprocessing = 0;
		};
		7D05273B1A9257C200C9A5E1 /* Sources */ = {
			isa = PBXSourcesBuildPhase;
			buildActionMask = 2147483647;
			files = (
				7D0527461A9257C200C9A5E1 /* RanchForecastTests.swift in Sources */,
			);
			runOnlyForDeploymentPostprocessing = 0;
		};
/* End PBXSourcesBuildPhase section */

/* Begin PBXTargetDependency section */
		7D0527411A9257C200C9A5E1 /* PBXTargetDependency */ = {
			isa = PBXTargetDependency;
			target = 7D05272E1A9257C100C9A5E1 /* RanchForecast */;
			targetProxy = 7D0527401A9257C200C9A5E1 /* PBXContainerItemProxy */;
		};
/* End PBXTargetDependency section */

/* Begin PBXVariantGroup section */
		7D0527381A9257C100C9A5E1 /* MainMenu.xib */ = {
			isa = PBXVariantGroup;
			children = (
				7D0527391A9257C100C9A5E1 /* Base */,
			);
			name = MainMenu.xib;
			sourceTree = "<group>";
		};
/* End PBXVariantGroup section */

/* Begin XCBuildConfiguration section */
		7D0527471A9257C200C9A5E1 /* Debug */ = {
			isa = XCBuildConfiguration;
			buildSettings = {
				ALWAYS_SEARCH_USER_PATHS = NO;
				CLANG_ANALYZER_LOCALIZABILITY_NONLOCALIZED = YES;
				CLANG_CXX_LANGUAGE_STANDARD = "gnu++0x";
				CLANG_CXX_LIBRARY = "libc++";
				CLANG_ENABLE_MODULES = YES;
				CLANG_ENABLE_OBJC_ARC = YES;
				CLANG_WARN_BLOCK_CAPTURE_AUTORELEASING = YES;
				CLANG_WARN_BOOL_CONVERSION = YES;
				CLANG_WARN_COMMA = YES;
				CLANG_WARN_CONSTANT_CONVERSION = YES;
				CLANG_WARN_DEPRECATED_OBJC_IMPLEMENTATIONS = YES;
				CLANG_WARN_DIRECT_OBJC_ISA_USAGE = YES_ERROR;
				CLANG_WARN_EMPTY_BODY = YES;
				CLANG_WARN_ENUM_CONVERSION = YES;
				CLANG_WARN_INFINITE_RECURSION = YES;
				CLANG_WARN_INT_CONVERSION = YES;
				CLANG_WARN_NON_LITERAL_NULL_CONVERSION = YES;
				CLANG_WARN_OBJC_IMPLICIT_RETAIN_SELF = YES;
				CLANG_WARN_OBJC_LITERAL_CONVERSION = YES;
				CLANG_WARN_OBJC_ROOT_CLASS = YES_ERROR;
				CLANG_WARN_RANGE_LOOP_ANALYSIS = YES;
				CLANG_WARN_STRICT_PROTOTYPES = YES;
				CLANG_WARN_SUSPICIOUS_MOVE = YES;
				CLANG_WARN_UNREACHABLE_CODE = YES;
				CLANG_WARN__DUPLICATE_METHOD_MATCH = YES;
				CODE_SIGN_IDENTITY = "-";
				COPY_PHASE_STRIP = NO;
				DEBUG_INFORMATION_FORMAT = dwarf;
				ENABLE_STRICT_OBJC_MSGSEND = YES;
				ENABLE_TESTABILITY = YES;
				GCC_C_LANGUAGE_STANDARD = gnu99;
				GCC_DYNAMIC_NO_PIC = NO;
				GCC_NO_COMMON_BLOCKS = YES;
				GCC_OPTIMIZATION_LEVEL = 0;
				GCC_PREPROCESSOR_DEFINITIONS = (
					"DEBUG=1",
					"$(inherited)",
				);
				GCC_SYMBOLS_PRIVATE_EXTERN = NO;
				GCC_WARN_64_TO_32_BIT_CONVERSION = YES;
				GCC_WARN_ABOUT_RETURN_TYPE = YES_ERROR;
				GCC_WARN_UNDECLARED_SELECTOR = YES;
				GCC_WARN_UNINITIALIZED_AUTOS = YES_AGGRESSIVE;
				GCC_WARN_UNUSED_FUNCTION = YES;
				GCC_WARN_UNUSED_VARIABLE = YES;
				MACOSX_DEPLOYMENT_TARGET = 10.10;
				MTL_ENABLE_DEBUG_INFO = YES;
				ONLY_ACTIVE_ARCH = YES;
				SDKROOT = macosx;
				SWIFT_OPTIMIZATION_LEVEL = "-Onone";
			};
			name = Debug;
		};
		7D0527481A9257C200C9A5E1 /* Release */ = {
			isa = XCBuildConfiguration;
			buildSettings = {
				ALWAYS_SEARCH_USER_PATHS = NO;
				CLANG_ANALYZER_LOCALIZABILITY_NONLOCALIZED = YES;
				CLANG_CXX_LANGUAGE_STANDARD = "gnu++0x";
				CLANG_CXX_LIBRARY = "libc++";
				CLANG_ENABLE_MODULES = YES;
				CLANG_ENABLE_OBJC_ARC = YES;
				CLANG_WARN_BLOCK_CAPTURE_AUTORELEASING = YES;
				CLANG_WARN_BOOL_CONVERSION = YES;
				CLANG_WARN_COMMA = YES;
				CLANG_WARN_CONSTANT_CONVERSION = YES;
				CLANG_WARN_DEPRECATED_OBJC_IMPLEMENTATIONS = YES;
				CLANG_WARN_DIRECT_OBJC_ISA_USAGE = YES_ERROR;
				CLANG_WARN_EMPTY_BODY = YES;
				CLANG_WARN_ENUM_CONVERSION = YES;
				CLANG_WARN_INFINITE_RECURSION = YES;
				CLANG_WARN_INT_CONVERSION = YES;
				CLANG_WARN_NON_LITERAL_NULL_CONVERSION = YES;
				CLANG_WARN_OBJC_IMPLICIT_RETAIN_SELF = YES;
				CLANG_WARN_OBJC_LITERAL_CONVERSION = YES;
				CLANG_WARN_OBJC_ROOT_CLASS = YES_ERROR;
				CLANG_WARN_RANGE_LOOP_ANALYSIS = YES;
				CLANG_WARN_STRICT_PROTOTYPES = YES;
				CLANG_WARN_SUSPICIOUS_MOVE = YES;
				CLANG_WARN_UNREACHABLE_CODE = YES;
				CLANG_WARN__DUPLICATE_METHOD_MATCH = YES;
				CODE_SIGN_IDENTITY = "-";
				COPY_PHASE_STRIP = NO;
				DEBUG_INFORMATION_FORMAT = "dwarf-with-dsym";
				ENABLE_NS_ASSERTIONS = NO;
				ENABLE_STRICT_OBJC_MSGSEND = YES;
				GCC_C_LANGUAGE_STANDARD = gnu99;
				GCC_NO_COMMON_BLOCKS = YES;
				GCC_WARN_64_TO_32_BIT_CONVERSION = YES;
				GCC_WARN_ABOUT_RETURN_TYPE = YES_ERROR;
				GCC_WARN_UNDECLARED_SELECTOR = YES;
				GCC_WARN_UNINITIALIZED_AUTOS = YES_AGGRESSIVE;
				GCC_WARN_UNUSED_FUNCTION = YES;
				GCC_WARN_UNUSED_VARIABLE = YES;
				MACOSX_DEPLOYMENT_TARGET = 10.10;
				MTL_ENABLE_DEBUG_INFO = NO;
				SDKROOT = macosx;
				SWIFT_COMPILATION_MODE = wholemodule;
			};
			name = Release;
		};
		7D05274A1A9257C200C9A5E1 /* Debug */ = {
			isa = XCBuildConfiguration;
			buildSettings = {
				ASSETCATALOG_COMPILER_APPICON_NAME = AppIcon;
				COMBINE_HIDPI_IMAGES = YES;
				INFOPLIST_FILE = RanchForecast/Info.plist;
				LD_RUNPATH_SEARCH_PATHS = "$(inherited) @executable_path/../Frameworks";
				PRODUCT_BUNDLE_IDENTIFIER = "com.bignerdranch.$(PRODUCT_NAME:rfc1034identifier)";
				PRODUCT_NAME = "$(TARGET_NAME)";
				SWIFT_SWIFT3_OBJC_INFERENCE = Off;
				SWIFT_VERSION = 5.0;
			};
			name = Debug;
		};
		7D05274B1A9257C200C9A5E1 /* Release */ = {
			isa = XCBuildConfiguration;
			buildSettings = {
				ASSETCATALOG_COMPILER_APPICON_NAME = AppIcon;
				COMBINE_HIDPI_IMAGES = YES;
				INFOPLIST_FILE = RanchForecast/Info.plist;
				LD_RUNPATH_SEARCH_PATHS = "$(inherited) @executable_path/../Frameworks";
				PRODUCT_BUNDLE_IDENTIFIER = "com.bignerdranch.$(PRODUCT_NAME:rfc1034identifier)";
				PRODUCT_NAME = "$(TARGET_NAME)";
				SWIFT_SWIFT3_OBJC_INFERENCE = Off;
				SWIFT_VERSION = 5.0;
			};
			name = Release;
		};
		7D05274D1A9257C200C9A5E1 /* Debug */ = {
			isa = XCBuildConfiguration;
			buildSettings = {
				BUNDLE_LOADER = "$(TEST_HOST)";
				COMBINE_HIDPI_IMAGES = YES;
				FRAMEWORK_SEARCH_PATHS = (
					"$(DEVELOPER_FRAMEWORKS_DIR)",
					"$(inherited)",
				);
				GCC_PREPROCESSOR_DEFINITIONS = (
					"DEBUG=1",
					"$(inherited)",
				);
				INFOPLIST_FILE = RanchForecastTests/Info.plist;
				LD_RUNPATH_SEARCH_PATHS = "$(inherited) @executable_path/../Frameworks @loader_path/../Frameworks";
				PRODUCT_BUNDLE_IDENTIFIER = "com.bignerdranch.$(PRODUCT_NAME:rfc1034identifier)";
				PRODUCT_NAME = "$(TARGET_NAME)";
				SWIFT_VERSION = 5.0;
				TEST_HOST = "$(BUILT_PRODUCTS_DIR)/RanchForecast.app/Contents/MacOS/RanchForecast";
			};
			name = Debug;
		};
		7D05274E1A9257C200C9A5E1 /* Release */ = {
			isa = XCBuildConfiguration;
			buildSettings = {
				BUNDLE_LOADER = "$(TEST_HOST)";
				COMBINE_HIDPI_IMAGES = YES;
				FRAMEWORK_SEARCH_PATHS = (
					"$(DEVELOPER_FRAMEWORKS_DIR)",
					"$(inherited)",
				);
				INFOPLIST_FILE = RanchForecastTests/Info.plist;
				LD_RUNPATH_SEARCH_PATHS = "$(inherited) @executable_path/../Frameworks @loader_path/../Frameworks";
				PRODUCT_BUNDLE_IDENTIFIER = "com.bignerdranch.$(PRODUCT_NAME:rfc1034identifier)";
				PRODUCT_NAME = "$(TARGET_NAME)";
				SWIFT_VERSION = 5.0;
				TEST_HOST = "$(BUILT_PRODUCTS_DIR)/RanchForecast.app/Contents/MacOS/RanchForecast";
			};
			name = Release;
		};
/* End XCBuildConfiguration section */

/* Begin XCConfigurationList section */
		7D05272A1A9257C100C9A5E1 /* Build configuration list for PBXProject "RanchForecast" */ = {
			isa = XCConfigurationList;
			buildConfigurations = (
				7D0527471A9257C200C9A5E1 /* Debug */,
				7D0527481A9257C200C9A5E1 /* Release */,
			);
			defaultConfigurationIsVisible = 0;
			defaultConfigurationName = Release;
		};
		7D0527491A9257C200C9A5E1 /* Build configuration list for PBXNativeTarget "RanchForecast" */ = {
			isa = XCConfigurationList;
			buildConfigurations = (
				7D05274A1A9257C200C9A5E1 /* Debug */,
				7D05274B1A9257C200C9A5E1 /* Release */,
			);
			defaultConfigurationIsVisible = 0;
			defaultConfigurationName = Release;
		};
		7D05274C1A9257C200C9A5E1 /* Build configuration list for PBXNativeTarget "RanchForecastTests" */ = {
			isa = XCConfigurationList;
			buildConfigurations = (
				7D05274D1A9257C200C9A5E1 /* Debug */,
				7D05274E1A9257C200C9A5E1 /* Release */,
			);
			defaultConfigurationIsVisible = 0;
			defaultConfigurationName = Release;
		};
/* End XCConfigurationList section */
	};
	rootObject = 7D0527271A9257C100C9A5E1 /* Project object */;
}
