// !$*UTF8*$!
{
	archiveVersion = 1;
	classes = {
	};
	objectVersion = 46;
	objects = {

/* Begin PBXBuildFile section */
		66D4357419E5E05600A1D49F /* AppDelegate.swift in Sources */ = {isa = PBXBuildFile; fileRef = 66D4357319E5E05600A1D49F /* AppDelegate.swift */; };
		66D4357619E5E05600A1D49F /* Images.xcassets in Resources */ = {isa = PBXBuildFile; fileRef = 66D4357519E5E05600A1D49F /* Images.xcassets */; };
		66D4357919E5E05600A1D49F /* MainMenu.xib in Resources */ = {isa = PBXBuildFile; fileRef = 66D4357719E5E05600A1D49F /* MainMenu.xib */; };
		66D4358519E5E05600A1D49F /* RandomTests.swift in Sources */ = {isa = PBXBuildFile; fileRef = 66D4358419E5E05600A1D49F /* RandomTests.swift */; };
/* End PBXBuildFile section */

/* Begin PBXContainerItemProxy section */
		66D4357F19E5E05600A1D49F /* PBXContainerItemProxy */ = {
			isa = PBXContainerItemProxy;
			containerPortal = 66D4356619E5E05600A1D49F /* Project object */;
			proxyType = 1;
			remoteGlobalIDString = 66D4356D19E5E05600A1D49F;
			remoteInfo = Random;
		};
/* End PBXContainerItemProxy section */

/* Begin PBXFileReference section */
		66D4356E19E5E05600A1D49F /* Random.app */ = {isa = PBXFileReference; explicitFileType = wrapper.application; includeInIndex = 0; path = Random.app; sourceTree = BUILT_PRODUCTS_DIR; };
		66D4357219E5E05600A1D49F /* Info.plist */ = {isa = PBXFileReference; lastKnownFileType = text.plist.xml; path = Info.plist; sourceTree = "<group>"; };
		66D4357319E5E05600A1D49F /* AppDelegate.swift */ = {isa = PBXFileReference; lastKnownFileType = sourcecode.swift; path = AppDelegate.swift; sourceTree = "<group>"; };
		66D4357519E5E05600A1D49F /* Images.xcassets */ = {isa = PBXFileReference; lastKnownFileType = folder.assetcatalog; path = Images.xcassets; sourceTree = "<group>"; };
		66D4357819E5E05600A1D49F /* Base */ = {isa = PBXFileReference; lastKnownFileType = file.xib; name = Base; path = Base.lproj/MainMenu.xib; sourceTree = "<group>"; };
		66D4357E19E5E05600A1D49F /* RandomTests.xctest */ = {isa = PBXFileReference; explicitFileType = wrapper.cfbundle; includeInIndex = 0; path = RandomTests.xctest; sourceTree = BUILT_PRODUCTS_DIR; };
		66D4358319E5E05600A1D49F /* Info.plist */ = {isa = PBXFileReference; lastKnownFileType = text.plist.xml; path = Info.plist; sourceTree = "<group>"; };
		66D4358419E5E05600A1D49F /* RandomTests.swift */ = {isa = PBXFileReference; lastKnownFileType = sourcecode.swift; path = RandomTests.swift; sourceTree = "<group>"; };
/* End PBXFileReference section */

/* Begin PBXFrameworksBuildPhase section */
		66D4356B19E5E05600A1D49F /* Frameworks */ = {
			isa = PBXFrameworksBuildPhase;
			buildActionMask = 2147483647;
			files = (
			);
			runOnlyForDeploymentPostprocessing = 0;
		};
		66D4357B19E5E05600A1D49F /* Frameworks */ = {
			isa = PBXFrameworksBuildPhase;
			buildActionMask = 2147483647;
			files = (
			);
			runOnlyForDeploymentPostprocessing = 0;
		};
/* End PBXFrameworksBuildPhase section */

/* Begin PBXGroup section */
		66D4356519E5E05600A1D49F = {
			isa = PBXGroup;
			children = (
				66D4357019E5E05600A1D49F /* Random */,
				66D4358119E5E05600A1D49F /* RandomTests */,
				66D4356F19E5E05600A1D49F /* Products */,
			);
			sourceTree = "<group>";
		};
		66D4356F19E5E05600A1D49F /* Products */ = {
			isa = PBXGroup;
			children = (
				66D4356E19E5E05600A1D49F /* Random.app */,
				66D4357E19E5E05600A1D49F /* RandomTests.xctest */,
			);
			name = Products;
			sourceTree = "<group>";
		};
		66D4357019E5E05600A1D49F /* Random */ = {
			isa = PBXGroup;
			children = (
				66D4357319E5E05600A1D49F /* AppDelegate.swift */,
				66D4357519E5E05600A1D49F /* Images.xcassets */,
				66D4357719E5E05600A1D49F /* MainMenu.xib */,
				66D4357119E5E05600A1D49F /* Supporting Files */,
			);
			path = Random;
			sourceTree = "<group>";
		};
		66D4357119E5E05600A1D49F /* Supporting Files */ = {
			isa = PBXGroup;
			children = (
				66D4357219E5E05600A1D49F /* Info.plist */,
			);
			name = "Supporting Files";
			sourceTree = "<group>";
		};
		66D4358119E5E05600A1D49F /* RandomTests */ = {
			isa = PBXGroup;
			children = (
				66D4358419E5E05600A1D49F /* RandomTests.swift */,
				66D4358219E5E05600A1D49F /* Supporting Files */,
			);
			path = RandomTests;
			sourceTree = "<group>";
		};
		66D4358219E5E05600A1D49F /* Supporting Files */ = {
			isa = PBXGroup;
			children = (
				66D4358319E5E05600A1D49F /* Info.plist */,
			);
			name = "Supporting Files";
			sourceTree = "<group>";
		};
/* End PBXGroup section */

/* Begin PBXNativeTarget section */
		66D4356D19E5E05600A1D49F /* Random */ = {
			isa = PBXNativeTarget;
			buildConfigurationList = 66D4358819E5E05600A1D49F /* Build configuration list for PBXNativeTarget "Random" */;
			buildPhases = (
				66D4356A19E5E05600A1D49F /* Sources */,
				66D4356B19E5E05600A1D49F /* Frameworks */,
				66D4356C19E5E05600A1D49F /* Resources */,
			);
			buildRules = (
			);
			dependencies = (
			);
			name = Random;
			productName = Random;
			productReference = 66D4356E19E5E05600A1D49F /* Random.app */;
			productType = "com.apple.product-type.application";
		};
		66D4357D19E5E05600A1D49F /* RandomTests */ = {
			isa = PBXNativeTarget;
			buildConfigurationList = 66D4358B19E5E05600A1D49F /* Build configuration list for PBXNativeTarget "RandomTests" */;
			buildPhases = (
				66D4357A19E5E05600A1D49F /* Sources */,
				66D4357B19E5E05600A1D49F /* Frameworks */,
				66D4357C19E5E05600A1D49F /* Resources */,
			);
			buildRules = (
			);
			dependencies = (
				66D4358019E5E05600A1D49F /* PBXTargetDependency */,
			);
			name = RandomTests;
			productName = RandomTests;
			productReference = 66D4357E19E5E05600A1D49F /* RandomTests.xctest */;
			productType = "com.apple.product-type.bundle.unit-test";
		};
/* End PBXNativeTarget section */

/* Begin PBXProject section */
		66D4356619E5E05600A1D49F /* Project object */ = {
			isa = PBXProject;
			attributes = {
				LastUpgradeCheck = 0610;
				ORGANIZATIONNAME = "Big Nerd Ranch";
				TargetAttributes = {
					66D4356D19E5E05600A1D49F = {
						CreatedOnToolsVersion = 6.1;
					};
					66D4357D19E5E05600A1D49F = {
						CreatedOnToolsVersion = 6.1;
						TestTargetID = 66D4356D19E5E05600A1D49F;
					};
				};
			};
			buildConfigurationList = 66D4356919E5E05600A1D49F /* Build configuration list for PBXProject "Random" */;
			compatibilityVersion = "Xcode 3.2";
			developmentRegion = English;
			hasScannedForEncodings = 0;
			knownRegions = (
				en,
				Base,
			);
			mainGroup = 66D4356519E5E05600A1D49F;
			productRefGroup = 66D4356F19E5E05600A1D49F /* Products */;
			projectDirPath = "";
			projectRoot = "";
			targets = (
				66D4356D19E5E05600A1D49F /* Random */,
				66D4357D19E5E05600A1D49F /* RandomTests */,
			);
		};
/* End PBXProject section */

/* Begin PBXResourcesBuildPhase section */
		66D4356C19E5E05600A1D49F /* Resources */ = {
			isa = PBXResourcesBuildPhase;
			buildActionMask = 2147483647;
			files = (
				66D4357619E5E05600A1D49F /* Images.xcassets in Resources */,
				66D4357919E5E05600A1D49F /* MainMenu.xib in Resources */,
			);
			runOnlyForDeploymentPostprocessing = 0;
		};
		66D4357C19E5E05600A1D49F /* Resources */ = {
			isa = PBXResourcesBuildPhase;
			buildActionMask = 2147483647;
			files = (
			);
			runOnlyForDeploymentPostprocessing = 0;
		};
/* End PBXResourcesBuildPhase section */

/* Begin PBXSourcesBuildPhase section */
		66D4356A19E5E05600A1D49F /* Sources */ = {
			isa = PBXSourcesBuildPhase;
			buildActionMask = 2147483647;
			files = (
				66D4357419E5E05600A1D49F /* AppDelegate.swift in Sources */,
			);
			runOnlyForDeploymentPostprocessing = 0;
		};
		66D4357A19E5E05600A1D49F /* Sources */ = {
			isa = PBXSourcesBuildPhase;
			buildActionMask = 2147483647;
			files = (
				66D4358519E5E05600A1D49F /* RandomTests.swift in Sources */,
			);
			runOnlyForDeploymentPostprocessing = 0;
		};
/* End PBXSourcesBuildPhase section */

/* Begin PBXTargetDependency section */
		66D4358019E5E05600A1D49F /* PBXTargetDependency */ = {
			isa = PBXTargetDependency;
			target = 66D4356D19E5E05600A1D49F /* Random */;
			targetProxy = 66D4357F19E5E05600A1D49F /* PBXContainerItemProxy */;
		};
/* End PBXTargetDependency section */

/* Begin PBXVariantGroup section */
		66D4357719E5E05600A1D49F /* MainMenu.xib */ = {
			isa = PBXVariantGroup;
			children = (
				66D4357819E5E05600A1D49F /* Base */,
			);
			name = MainMenu.xib;
			sourceTree = "<group>";
		};
/* End PBXVariantGroup section */

/* Begin XCBuildConfiguration section */
		66D4358619E5E05600A1D49F /* Debug */ = {
			isa = XCBuildConfiguration;
			buildSettings = {
				ALWAYS_SEARCH_USER_PATHS = NO;
				CLANG_CXX_LANGUAGE_STANDARD = "gnu++0x";
				CLANG_CXX_LIBRARY = "libc++";
				CLANG_ENABLE_MODULES = YES;
				CLANG_ENABLE_OBJC_ARC = YES;
				CLANG_WARN_BOOL_CONVERSION = YES;
				CLANG_WARN_CONSTANT_CONVERSION = YES;
				CLANG_WARN_DIRECT_OBJC_ISA_USAGE = YES_ERROR;
				CLANG_WARN_EMPTY_BODY = YES;
				CLANG_WARN_ENUM_CONVERSION = YES;
				CLANG_WARN_INT_CONVERSION = YES;
				CLANG_WARN_OBJC_ROOT_CLASS = YES_ERROR;
				CLANG_WARN_UNREACHABLE_CODE = YES;
				CLANG_WARN__DUPLICATE_METHOD_MATCH = YES;
				CODE_SIGN_IDENTITY = "-";
				COPY_PHASE_STRIP = NO;
				ENABLE_STRICT_OBJC_MSGSEND = YES;
				GCC_C_LANGUAGE_STANDARD = gnu99;
				GCC_DYNAMIC_NO_PIC = NO;
				GCC_OPTIMIZATION_LEVEL = 0;
				GCC_PREPROCESSOR_DEFINITIONS = (
					"DEBUG=1",
					"$(inherited)",
				);
				GCC_SYMBOLS_PRIVATE_EXTERN = NO;
				GCC_WARN_64_TO_32_BIT_CONVERSION = YES;
				GCC_WARN_ABOUT_RETURN_TYPE = YES_ERROR;
				GCC_WARN_UNDECLARED_SELECTOR = YES;
				GCC_WARN_UNINITIALIZED_AUTOS = YES_AGGRESSIVE;
				GCC_WARN_UNUSED_FUNCTION = YES;
				GCC_WARN_UNUSED_VARIABLE = YES;
				MACOSX_DEPLOYMENT_TARGET = 10.10;
				MTL_ENABLE_DEBUG_INFO = YES;
				ONLY_ACTIVE_ARCH = YES;
				SDKROOT = macosx;
				SWIFT_OPTIMIZATION_LEVEL = "-Onone";
			};
			name = Debug;
		};
		66D4358719E5E05600A1D49F /* Release */ = {
			isa = XCBuildConfiguration;
			buildSettings = {
				ALWAYS_SEARCH_USER_PATHS = NO;
				CLANG_CXX_LANGUAGE_STANDARD = "gnu++0x";
				CLANG_CXX_LIBRARY = "libc++";
				CLANG_ENABLE_MODULES = YES;
				CLANG_ENABLE_OBJC_ARC = YES;
				CLANG_WARN_BOOL_CONVERSION = YES;
				CLANG_WARN_CONSTANT_CONVERSION = YES;
				CLANG_WARN_DIRECT_OBJC_ISA_USAGE = YES_ERROR;
				CLANG_WARN_EMPTY_BODY = YES;
				CLANG_WARN_ENUM_CONVERSION = YES;
				CLANG_WARN_INT_CONVERSION = YES;
				CLANG_WARN_OBJC_ROOT_CLASS = YES_ERROR;
				CLANG_WARN_UNREACHABLE_CODE = YES;
				CLANG_WARN__DUPLICATE_METHOD_MATCH = YES;
				CODE_SIGN_IDENTITY = "-";
				COPY_PHASE_STRIP = YES;
				DEBUG_INFORMATION_FORMAT = "dwarf-with-dsym";
				ENABLE_NS_ASSERTIONS = NO;
				ENABLE_STRICT_OBJC_MSGSEND = YES;
				GCC_C_LANGUAGE_STANDARD = gnu99;
				GCC_WARN_64_TO_32_BIT_CONVERSION = YES;
				GCC_WARN_ABOUT_RETURN_TYPE = YES_ERROR;
				GCC_WARN_UNDECLARED_SELECTOR = YES;
				GCC_WARN_UNINITIALIZED_AUTOS = YES_AGGRESSIVE;
				GCC_WARN_UNUSED_FUNCTION = YES;
				GCC_WARN_UNUSED_VARIABLE = YES;
				MACOSX_DEPLOYMENT_TARGET = 10.10;
				MTL_ENABLE_DEBUG_INFO = NO;
				SDKROOT = macosx;
			};
			name = Release;
		};
		66D4358919E5E05600A1D49F /* Debug */ = {
			isa = XCBuildConfiguration;
			buildSettings = {
				ASSETCATALOG_COMPILER_APPICON_NAME = AppIcon;
				COMBINE_HIDPI_IMAGES = YES;
				INFOPLIST_FILE = Random/Info.plist;
				LD_RUNPATH_SEARCH_PATHS = "$(inherited) @executable_path/../Frameworks";
				PRODUCT_NAME = "$(TARGET_NAME)";
			};
			name = Debug;
		};
		66D4358A19E5E05600A1D49F /* Release */ = {
			isa = XCBuildConfiguration;
			buildSettings = {
				ASSETCATALOG_COMPILER_APPICON_NAME = AppIcon;
				COMBINE_HIDPI_IMAGES = YES;
				INFOPLIST_FILE = Random/Info.plist;
				LD_RUNPATH_SEARCH_PATHS = "$(inherited) @executable_path/../Frameworks";
				PRODUCT_NAME = "$(TARGET_NAME)";
			};
			name = Release;
		};
		66D4358C19E5E05600A1D49F /* Debug */ = {
			isa = XCBuildConfiguration;
			buildSettings = {
				BUNDLE_LOADER = "$(TEST_HOST)";
				COMBINE_HIDPI_IMAGES = YES;
				FRAMEWORK_SEARCH_PATHS = (
					"$(DEVELOPER_FRAMEWORKS_DIR)",
					"$(inherited)",
				);
				GCC_PREPROCESSOR_DEFINITIONS = (
					"DEBUG=1",
					"$(inherited)",
				);
				INFOPLIST_FILE = RandomTests/Info.plist;
				LD_RUNPATH_SEARCH_PATHS = "$(inherited) @executable_path/../Frameworks @loader_path/../Frameworks";
				PRODUCT_NAME = "$(TARGET_NAME)";
				TEST_HOST = "$(BUILT_PRODUCTS_DIR)/Random.app/Contents/MacOS/Random";
			};
			name = Debug;
		};
		66D4358D19E5E05600A1D49F /* Release */ = {
			isa = XCBuildConfiguration;
			buildSettings = {
				BUNDLE_LOADER = "$(TEST_HOST)";
				COMBINE_HIDPI_IMAGES = YES;
				FRAMEWORK_SEARCH_PATHS = (
					"$(DEVELOPER_FRAMEWORKS_DIR)",
					"$(inherited)",
				);
				INFOPLIST_FILE = RandomTests/Info.plist;
				LD_RUNPATH_SEARCH_PATHS = "$(inherited) @executable_path/../Frameworks @loader_path/../Frameworks";
				PRODUCT_NAME = "$(TARGET_NAME)";
				TEST_HOST = "$(BUILT_PRODUCTS_DIR)/Random.app/Contents/MacOS/Random";
			};
			name = Release;
		};
/* End XCBuildConfiguration section */

/* Begin XCConfigurationList section */
		66D4356919E5E05600A1D49F /* Build configuration list for PBXProject "Random" */ = {
			isa = XCConfigurationList;
			buildConfigurations = (
				66D4358619E5E05600A1D49F /* Debug */,
				66D4358719E5E05600A1D49F /* Release */,
			);
			defaultConfigurationIsVisible = 0;
			defaultConfigurationName = Release;
		};
		66D4358819E5E05600A1D49F /* Build configuration list for PBXNativeTarget "Random" */ = {
			isa = XCConfigurationList;
			buildConfigurations = (
				66D4358919E5E05600A1D49F /* Debug */,
				66D4358A19E5E05600A1D49F /* Release */,
			);
			defaultConfigurationIsVisible = 0;
		};
		66D4358B19E5E05600A1D49F /* Build configuration list for PBXNativeTarget "RandomTests" */ = {
			isa = XCConfigurationList;
			buildConfigurations = (
				66D4358C19E5E05600A1D49F /* Debug */,
				66D4358D19E5E05600A1D49F /* Release */,
			);
			defaultConfigurationIsVisible = 0;
		};
/* End XCConfigurationList section */
	};
	rootObject = 66D4356619E5E05600A1D49F /* Project object */;
}
