// !$*UTF8*$!
{
	archiveVersion = 1;
	classes = {
	};
	objectVersion = 46;
	objects = {

/* Begin PBXBuildFile section */
		30300C141A9CF90900331EAF /* AppDelegate.swift in Sources */ = {isa = PBXBuildFile; fileRef = 30300C131A9CF90900331EAF /* AppDelegate.swift */; };
		30300C161A9CF90900331EAF /* Images.xcassets in Resources */ = {isa = PBXBuildFile; fileRef = 30300C151A9CF90900331EAF /* Images.xcassets */; };
		30300C191A9CF90900331EAF /* MainMenu.xib in Resources */ = {isa = PBXBuildFile; fileRef = 30300C171A9CF90900331EAF /* MainMenu.xib */; };
		30300C251A9CF90900331EAF /* AutoLabelOutTests.swift in Sources */ = {isa = PBXBuildFile; fileRef = 30300C241A9CF90900331EAF /* AutoLabelOutTests.swift */; };
/* End PBXBuildFile section */

/* Begin PBXContainerItemProxy section */
		30300C1F1A9CF90900331EAF /* PBXContainerItemProxy */ = {
			isa = PBXContainerItemProxy;
			containerPortal = 30300C061A9CF90900331EAF /* Project object */;
			proxyType = 1;
			remoteGlobalIDString = 30300C0D1A9CF90900331EAF;
			remoteInfo = AutoLabelOut;
		};
/* End PBXContainerItemProxy section */

/* Begin PBXFileReference section */
		30300C0E1A9CF90900331EAF /* AutoLabelOut.app */ = {isa = PBXFileReference; explicitFileType = wrapper.application; includeInIndex = 0; path = AutoLabelOut.app; sourceTree = BUILT_PRODUCTS_DIR; };
		30300C121A9CF90900331EAF /* Info.plist */ = {isa = PBXFileReference; lastKnownFileType = text.plist.xml; path = Info.plist; sourceTree = "<group>"; };
		30300C131A9CF90900331EAF /* AppDelegate.swift */ = {isa = PBXFileReference; lastKnownFileType = sourcecode.swift; path = AppDelegate.swift; sourceTree = "<group>"; };
		30300C151A9CF90900331EAF /* Images.xcassets */ = {isa = PBXFileReference; lastKnownFileType = folder.assetcatalog; path = Images.xcassets; sourceTree = "<group>"; };
		30300C181A9CF90900331EAF /* Base */ = {isa = PBXFileReference; lastKnownFileType = file.xib; name = Base; path = Base.lproj/MainMenu.xib; sourceTree = "<group>"; };
		30300C1E1A9CF90900331EAF /* AutoLabelOutTests.xctest */ = {isa = PBXFileReference; explicitFileType = wrapper.cfbundle; includeInIndex = 0; path = AutoLabelOutTests.xctest; sourceTree = BUILT_PRODUCTS_DIR; };
		30300C231A9CF90900331EAF /* Info.plist */ = {isa = PBXFileReference; lastKnownFileType = text.plist.xml; path = Info.plist; sourceTree = "<group>"; };
		30300C241A9CF90900331EAF /* AutoLabelOutTests.swift */ = {isa = PBXFileReference; lastKnownFileType = sourcecode.swift; path = AutoLabelOutTests.swift; sourceTree = "<group>"; };
/* End PBXFileReference section */

/* Begin PBXFrameworksBuildPhase section */
		30300C0B1A9CF90900331EAF /* Frameworks */ = {
			isa = PBXFrameworksBuildPhase;
			buildActionMask = 2147483647;
			files = (
			);
			runOnlyForDeploymentPostprocessing = 0;
		};
		30300C1B1A9CF90900331EAF /* Frameworks */ = {
			isa = PBXFrameworksBuildPhase;
			buildActionMask = 2147483647;
			files = (
			);
			runOnlyForDeploymentPostprocessing = 0;
		};
/* End PBXFrameworksBuildPhase section */

/* Begin PBXGroup section */
		30300C051A9CF90900331EAF = {
			isa = PBXGroup;
			children = (
				30300C101A9CF90900331EAF /* AutoLabelOut */,
				30300C211A9CF90900331EAF /* AutoLabelOutTests */,
				30300C0F1A9CF90900331EAF /* Products */,
			);
			sourceTree = "<group>";
		};
		30300C0F1A9CF90900331EAF /* Products */ = {
			isa = PBXGroup;
			children = (
				30300C0E1A9CF90900331EAF /* AutoLabelOut.app */,
				30300C1E1A9CF90900331EAF /* AutoLabelOutTests.xctest */,
			);
			name = Products;
			sourceTree = "<group>";
		};
		30300C101A9CF90900331EAF /* AutoLabelOut */ = {
			isa = PBXGroup;
			children = (
				30300C131A9CF90900331EAF /* AppDelegate.swift */,
				30300C151A9CF90900331EAF /* Images.xcassets */,
				30300C171A9CF90900331EAF /* MainMenu.xib */,
				30300C111A9CF90900331EAF /* Supporting Files */,
			);
			path = AutoLabelOut;
			sourceTree = "<group>";
		};
		30300C111A9CF90900331EAF /* Supporting Files */ = {
			isa = PBXGroup;
			children = (
				30300C121A9CF90900331EAF /* Info.plist */,
			);
			name = "Supporting Files";
			sourceTree = "<group>";
		};
		30300C211A9CF90900331EAF /* AutoLabelOutTests */ = {
			isa = PBXGroup;
			children = (
				30300C241A9CF90900331EAF /* AutoLabelOutTests.swift */,
				30300C221A9CF90900331EAF /* Supporting Files */,
			);
			path = AutoLabelOutTests;
			sourceTree = "<group>";
		};
		30300C221A9CF90900331EAF /* Supporting Files */ = {
			isa = PBXGroup;
			children = (
				30300C231A9CF90900331EAF /* Info.plist */,
			);
			name = "Supporting Files";
			sourceTree = "<group>";
		};
/* End PBXGroup section */

/* Begin PBXNativeTarget section */
		30300C0D1A9CF90900331EAF /* AutoLabelOut */ = {
			isa = PBXNativeTarget;
			buildConfigurationList = 30300C281A9CF90900331EAF /* Build configuration list for PBXNativeTarget "AutoLabelOut" */;
			buildPhases = (
				30300C0A1A9CF90900331EAF /* Sources */,
				30300C0B1A9CF90900331EAF /* Frameworks */,
				30300C0C1A9CF90900331EAF /* Resources */,
			);
			buildRules = (
			);
			dependencies = (
			);
			name = AutoLabelOut;
			productName = AutoLabelOut;
			productReference = 30300C0E1A9CF90900331EAF /* AutoLabelOut.app */;
			productType = "com.apple.product-type.application";
		};
		30300C1D1A9CF90900331EAF /* AutoLabelOutTests */ = {
			isa = PBXNativeTarget;
			buildConfigurationList = 30300C2B1A9CF90900331EAF /* Build configuration list for PBXNativeTarget "AutoLabelOutTests" */;
			buildPhases = (
				30300C1A1A9CF90900331EAF /* Sources */,
				30300C1B1A9CF90900331EAF /* Frameworks */,
				30300C1C1A9CF90900331EAF /* Resources */,
			);
			buildRules = (
			);
			dependencies = (
				30300C201A9CF90900331EAF /* PBXTargetDependency */,
			);
			name = AutoLabelOutTests;
			productName = AutoLabelOutTests;
			productReference = 30300C1E1A9CF90900331EAF /* AutoLabelOutTests.xctest */;
			productType = "com.apple.product-type.bundle.unit-test";
		};
/* End PBXNativeTarget section */

/* Begin PBXProject section */
		30300C061A9CF90900331EAF /* Project object */ = {
			isa = PBXProject;
			attributes = {
				LastSwiftUpdateCheck = 0700;
				LastUpgradeCheck = 1020;
				ORGANIZATIONNAME = "Big Nerd Ranch";
				TargetAttributes = {
					30300C0D1A9CF90900331EAF = {
						CreatedOnToolsVersion = 6.3;
						LastSwiftMigration = 1020;
					};
					30300C1D1A9CF90900331EAF = {
						CreatedOnToolsVersion = 6.3;
						LastSwiftMigration = 1020;
						TestTargetID = 30300C0D1A9CF90900331EAF;
					};
				};
			};
			buildConfigurationList = 30300C091A9CF90900331EAF /* Build configuration list for PBXProject "AutoLabelOut" */;
			compatibilityVersion = "Xcode 3.2";
			developmentRegion = en;
			hasScannedForEncodings = 0;
			knownRegions = (
				en,
				Base,
			);
			mainGroup = 30300C051A9CF90900331EAF;
			productRefGroup = 30300C0F1A9CF90900331EAF /* Products */;
			projectDirPath = "";
			projectRoot = "";
			targets = (
				30300C0D1A9CF90900331EAF /* AutoLabelOut */,
				30300C1D1A9CF90900331EAF /* AutoLabelOutTests */,
			);
		};
/* End PBXProject section */

/* Begin PBXResourcesBuildPhase section */
		30300C0C1A9CF90900331EAF /* Resources */ = {
			isa = PBXResourcesBuildPhase;
			buildActionMask = 2147483647;
			files = (
				30300C161A9CF90900331EAF /* Images.xcassets in Resources */,
				30300C191A9CF90900331EAF /* MainMenu.xib in Resources */,
			);
			runOnlyForDeploymentPostprocessing = 0;
		};
		30300C1C1A9CF90900331EAF /* Resources */ = {
			isa = PBXResourcesBuildPhase;
			buildActionMask = 2147483647;
			files = (
			);
			runOnlyForDeploymentPostprocessing = 0;
		};
/* End PBXResourcesBuildPhase section */

/* Begin PBXSourcesBuildPhase section */
		30300C0A1A9CF90900331EAF /* Sources */ = {
			isa = PBXSourcesBuildPhase;
			buildActionMask = 2147483647;
			files = (
				30300C141A9CF90900331EAF /* AppDelegate.swift in Sources */,
			);
			runOnlyForDeploymentPostprocessing = 0;
		};
		30300C1A1A9CF90900331EAF /* Sources */ = {
			isa = PBXSourcesBuildPhase;
			buildActionMask = 2147483647;
			files = (
				30300C251A9CF90900331EAF /* AutoLabelOutTests.swift in Sources */,
			);
			runOnlyForDeploymentPostprocessing = 0;
		};
/* End PBXSourcesBuildPhase section */

/* Begin PBXTargetDependency section */
		30300C201A9CF90900331EAF /* PBXTargetDependency */ = {
			isa = PBXTargetDependency;
			target = 30300C0D1A9CF90900331EAF /* AutoLabelOut */;
			targetProxy = 30300C1F1A9CF90900331EAF /* PBXContainerItemProxy */;
		};
/* End PBXTargetDependency section */

/* Begin PBXVariantGroup section */
		30300C171A9CF90900331EAF /* MainMenu.xib */ = {
			isa = PBXVariantGroup;
			children = (
				30300C181A9CF90900331EAF /* Base */,
			);
			name = MainMenu.xib;
			sourceTree = "<group>";
		};
/* End PBXVariantGroup section */

/* Begin XCBuildConfiguration section */
		30300C261A9CF90900331EAF /* Debug */ = {
			isa = XCBuildConfiguration;
			buildSettings = {
				ALWAYS_SEARCH_USER_PATHS = NO;
				CLANG_CXX_LANGUAGE_STANDARD = "gnu++0x";
				CLANG_CXX_LIBRARY = "libc++";
				CLANG_ENABLE_MODULES = YES;
				CLANG_ENABLE_OBJC_ARC = YES;
				CLANG_WARN_BLOCK_CAPTURE_AUTORELEASING = YES;
				CLANG_WARN_BOOL_CONVERSION = YES;
				CLANG_WARN_COMMA = YES;
				CLANG_WARN_CONSTANT_CONVERSION = YES;
				CLANG_WARN_DEPRECATED_OBJC_IMPLEMENTATIONS = YES;
				CLANG_WARN_DIRECT_OBJC_ISA_USAGE = YES_ERROR;
				CLANG_WARN_EMPTY_BODY = YES;
				CLANG_WARN_ENUM_CONVERSION = YES;
				CLANG_WARN_INFINITE_RECURSION = YES;
				CLANG_WARN_INT_CONVERSION = YES;
				CLANG_WARN_NON_LITERAL_NULL_CONVERSION = YES;
				CLANG_WARN_OBJC_IMPLICIT_RETAIN_SELF = YES;
				CLANG_WARN_OBJC_LITERAL_CONVERSION = YES;
				CLANG_WARN_OBJC_ROOT_CLASS = YES_ERROR;
				CLANG_WARN_RANGE_LOOP_ANALYSIS = YES;
				CLANG_WARN_STRICT_PROTOTYPES = YES;
				CLANG_WARN_SUSPICIOUS_MOVE = YES;
				CLANG_WARN_UNREACHABLE_CODE = YES;
				CLANG_WARN__DUPLICATE_METHOD_MATCH = YES;
				CODE_SIGN_IDENTITY = "-";
				COPY_PHASE_STRIP = NO;
				DEBUG_INFORMATION_FORMAT = dwarf;
				ENABLE_STRICT_OBJC_MSGSEND = YES;
				ENABLE_TESTABILITY = YES;
				GCC_C_LANGUAGE_STANDARD = gnu99;
				GCC_DYNAMIC_NO_PIC = NO;
				GCC_NO_COMMON_BLOCKS = YES;
				GCC_OPTIMIZATION_LEVEL = 0;
				GCC_PREPROCESSOR_DEFINITIONS = (
					"DEBUG=1",
					"$(inherited)",
				);
				GCC_SYMBOLS_PRIVATE_EXTERN = NO;
				GCC_WARN_64_TO_32_BIT_CONVERSION = YES;
				GCC_WARN_ABOUT_RETURN_TYPE = YES_ERROR;
				GCC_WARN_UNDECLARED_SELECTOR = YES;
				GCC_WARN_UNINITIALIZED_AUTOS = YES_AGGRESSIVE;
				GCC_WARN_UNUSED_FUNCTION = YES;
				GCC_WARN_UNUSED_VARIABLE = YES;
				MACOSX_DEPLOYMENT_TARGET = 10.10;
				MTL_ENABLE_DEBUG_INFO = YES;
				ONLY_ACTIVE_ARCH = YES;
				SDKROOT = macosx;
				SWIFT_OPTIMIZATION_LEVEL = "-Onone";
			};
			name = Debug;
		};
		30300C271A9CF90900331EAF /* Release */ = {
			isa = XCBuildConfiguration;
			buildSettings = {
				ALWAYS_SEARCH_USER_PATHS = NO;
				CLANG_CXX_LANGUAGE_STANDARD = "gnu++0x";
				CLANG_CXX_LIBRARY = "libc++";
				CLANG_ENABLE_MODULES = YES;
				CLANG_ENABLE_OBJC_ARC = YES;
				CLANG_WARN_BLOCK_CAPTURE_AUTORELEASING = YES;
				CLANG_WARN_BOOL_CONVERSION = YES;
				CLANG_WARN_COMMA = YES;
				CLANG_WARN_CONSTANT_CONVERSION = YES;
				CLANG_WARN_DEPRECATED_OBJC_IMPLEMENTATIONS = YES;
				CLANG_WARN_DIRECT_OBJC_ISA_USAGE = YES_ERROR;
				CLANG_WARN_EMPTY_BODY = YES;
				CLANG_WARN_ENUM_CONVERSION = YES;
				CLANG_WARN_INFINITE_RECURSION = YES;
				CLANG_WARN_INT_CONVERSION = YES;
				CLANG_WARN_NON_LITERAL_NULL_CONVERSION = YES;
				CLANG_WARN_OBJC_IMPLICIT_RETAIN_SELF = YES;
				CLANG_WARN_OBJC_LITERAL_CONVERSION = YES;
				CLANG_WARN_OBJC_ROOT_CLASS = YES_ERROR;
				CLANG_WARN_RANGE_LOOP_ANALYSIS = YES;
				CLANG_WARN_STRICT_PROTOTYPES = YES;
				CLANG_WARN_SUSPICIOUS_MOVE = YES;
				CLANG_WARN_UNREACHABLE_CODE = YES;
				CLANG_WARN__DUPLICATE_METHOD_MATCH = YES;
				CODE_SIGN_IDENTITY = "-";
				COPY_PHASE_STRIP = NO;
				DEBUG_INFORMATION_FORMAT = "dwarf-with-dsym";
				ENABLE_NS_ASSERTIONS = NO;
				ENABLE_STRICT_OBJC_MSGSEND = YES;
				GCC_C_LANGUAGE_STANDARD = gnu99;
				GCC_NO_COMMON_BLOCKS = YES;
				GCC_WARN_64_TO_32_BIT_CONVERSION = YES;
				GCC_WARN_ABOUT_RETURN_TYPE = YES_ERROR;
				GCC_WARN_UNDECLARED_SELECTOR = YES;
				GCC_WARN_UNINITIALIZED_AUTOS = YES_AGGRESSIVE;
				GCC_WARN_UNUSED_FUNCTION = YES;
				GCC_WARN_UNUSED_VARIABLE = YES;
				MACOSX_DEPLOYMENT_TARGET = 10.10;
				MTL_ENABLE_DEBUG_INFO = NO;
				SDKROOT = macosx;
				SWIFT_COMPILATION_MODE = wholemodule;
			};
			name = Release;
		};
		30300C291A9CF90900331EAF /* Debug */ = {
			isa = XCBuildConfiguration;
			buildSettings = {
				ASSETCATALOG_COMPILER_APPICON_NAME = AppIcon;
				COMBINE_HIDPI_IMAGES = YES;
				INFOPLIST_FILE = AutoLabelOut/Info.plist;
				LD_RUNPATH_SEARCH_PATHS = "$(inherited) @executable_path/../Frameworks";
				PRODUCT_BUNDLE_IDENTIFIER = "com.bignerdranch.$(PRODUCT_NAME:rfc1034identifier)";
				PRODUCT_NAME = "$(TARGET_NAME)";
				SWIFT_SWIFT3_OBJC_INFERENCE = Off;
				SWIFT_VERSION = 5.0;
			};
			name = Debug;
		};
		30300C2A1A9CF90900331EAF /* Release */ = {
			isa = XCBuildConfiguration;
			buildSettings = {
				ASSETCATALOG_COMPILER_APPICON_NAME = AppIcon;
				COMBINE_HIDPI_IMAGES = YES;
				INFOPLIST_FILE = AutoLabelOut/Info.plist;
				LD_RUNPATH_SEARCH_PATHS = "$(inherited) @executable_path/../Frameworks";
				PRODUCT_BUNDLE_IDENTIFIER = "com.bignerdranch.$(PRODUCT_NAME:rfc1034identifier)";
				PRODUCT_NAME = "$(TARGET_NAME)";
				SWIFT_SWIFT3_OBJC_INFERENCE = Off;
				SWIFT_VERSION = 5.0;
			};
			name = Release;
		};
		30300C2C1A9CF90900331EAF /* Debug */ = {
			isa = XCBuildConfiguration;
			buildSettings = {
				BUNDLE_LOADER = "$(TEST_HOST)";
				COMBINE_HIDPI_IMAGES = YES;
				FRAMEWORK_SEARCH_PATHS = (
					"$(DEVELOPER_FRAMEWORKS_DIR)",
					"$(inherited)",
				);
				GCC_PREPROCESSOR_DEFINITIONS = (
					"DEBUG=1",
					"$(inherited)",
				);
				INFOPLIST_FILE = AutoLabelOutTests/Info.plist;
				LD_RUNPATH_SEARCH_PATHS = "$(inherited) @executable_path/../Frameworks @loader_path/../Frameworks";
				PRODUCT_BUNDLE_IDENTIFIER = "com.bignerdranch.$(PRODUCT_NAME:rfc1034identifier)";
				PRODUCT_NAME = "$(TARGET_NAME)";
				SWIFT_VERSION = 5.0;
				TEST_HOST = "$(BUILT_PRODUCTS_DIR)/AutoLabelOut.app/Contents/MacOS/AutoLabelOut";
			};
			name = Debug;
		};
		30300C2D1A9CF90900331EAF /* Release */ = {
			isa = XCBuildConfiguration;
			buildSettings = {
				BUNDLE_LOADER = "$(TEST_HOST)";
				COMBINE_HIDPI_IMAGES = YES;
				FRAMEWORK_SEARCH_PATHS = (
					"$(DEVELOPER_FRAMEWORKS_DIR)",
					"$(inherited)",
				);
				INFOPLIST_FILE = AutoLabelOutTests/Info.plist;
				LD_RUNPATH_SEARCH_PATHS = "$(inherited) @executable_path/../Frameworks @loader_path/../Frameworks";
				PRODUCT_BUNDLE_IDENTIFIER = "com.bignerdranch.$(PRODUCT_NAME:rfc1034identifier)";
				PRODUCT_NAME = "$(TARGET_NAME)";
				SWIFT_VERSION = 5.0;
				TEST_HOST = "$(BUILT_PRODUCTS_DIR)/AutoLabelOut.app/Contents/MacOS/AutoLabelOut";
			};
			name = Release;
		};
/* End XCBuildConfiguration section */

/* Begin XCConfigurationList section */
		30300C091A9CF90900331EAF /* Build configuration list for PBXProject "AutoLabelOut" */ = {
			isa = XCConfigurationList;
			buildConfigurations = (
				30300C261A9CF90900331EAF /* Debug */,
				30300C271A9CF90900331EAF /* Release */,
			);
			defaultConfigurationIsVisible = 0;
			defaultConfigurationName = Release;
		};
		30300C281A9CF90900331EAF /* Build configuration list for PBXNativeTarget "AutoLabelOut" */ = {
			isa = XCConfigurationList;
			buildConfigurations = (
				30300C291A9CF90900331EAF /* Debug */,
				30300C2A1A9CF90900331EAF /* Release */,
			);
			defaultConfigurationIsVisible = 0;
			defaultConfigurationName = Release;
		};
		30300C2B1A9CF90900331EAF /* Build configuration list for PBXNativeTarget "AutoLabelOutTests" */ = {
			isa = XCConfigurationList;
			buildConfigurations = (
				30300C2C1A9CF90900331EAF /* Debug */,
				30300C2D1A9CF90900331EAF /* Release */,
			);
			defaultConfigurationIsVisible = 0;
			defaultConfigurationName = Release;
		};
/* End XCConfigurationList section */
	};
	rootObject = 30300C061A9CF90900331EAF /* Project object */;
}
