// !$*UTF8*$!
{
	archiveVersion = 1;
	classes = {
	};
	objectVersion = 46;
	objects = {

/* Begin PBXBuildFile section */
		7D6CDB2B1A97E6AE00E8D534 /* AppDelegate.swift in Sources */ = {isa = PBXBuildFile; fileRef = 7D6CDB2A1A97E6AE00E8D534 /* AppDelegate.swift */; };
		7D6CDB2D1A97E6AE00E8D534 /* Images.xcassets in Resources */ = {isa = PBXBuildFile; fileRef = 7D6CDB2C1A97E6AE00E8D534 /* Images.xcassets */; };
		7D6CDB301A97E6AE00E8D534 /* MainMenu.xib in Resources */ = {isa = PBXBuildFile; fileRef = 7D6CDB2E1A97E6AE00E8D534 /* MainMenu.xib */; };
		7D6CDB3C1A97E6AE00E8D534 /* SpeakLineTests.swift in Sources */ = {isa = PBXBuildFile; fileRef = 7D6CDB3B1A97E6AE00E8D534 /* SpeakLineTests.swift */; };
		7D6CDB471A97E6F000E8D534 /* MainWindowController.swift in Sources */ = {isa = PBXBuildFile; fileRef = 7D6CDB451A97E6F000E8D534 /* MainWindowController.swift */; };
		7D6CDB481A97E6F000E8D534 /* MainWindowController.xib in Resources */ = {isa = PBXBuildFile; fileRef = 7D6CDB461A97E6F000E8D534 /* MainWindowController.xib */; };
/* End PBXBuildFile section */

/* Begin PBXContainerItemProxy section */
		7D6CDB361A97E6AE00E8D534 /* PBXContainerItemProxy */ = {
			isa = PBXContainerItemProxy;
			containerPortal = 7D6CDB1D1A97E6AE00E8D534 /* Project object */;
			proxyType = 1;
			remoteGlobalIDString = 7D6CDB241A97E6AE00E8D534;
			remoteInfo = SpeakLine;
		};
/* End PBXContainerItemProxy section */

/* Begin PBXFileReference section */
		7D6CDB251A97E6AE00E8D534 /* SpeakLine.app */ = {isa = PBXFileReference; explicitFileType = wrapper.application; includeInIndex = 0; path = SpeakLine.app; sourceTree = BUILT_PRODUCTS_DIR; };
		7D6CDB291A97E6AE00E8D534 /* Info.plist */ = {isa = PBXFileReference; lastKnownFileType = text.plist.xml; path = Info.plist; sourceTree = "<group>"; };
		7D6CDB2A1A97E6AE00E8D534 /* AppDelegate.swift */ = {isa = PBXFileReference; lastKnownFileType = sourcecode.swift; path = AppDelegate.swift; sourceTree = "<group>"; };
		7D6CDB2C1A97E6AE00E8D534 /* Images.xcassets */ = {isa = PBXFileReference; lastKnownFileType = folder.assetcatalog; path = Images.xcassets; sourceTree = "<group>"; };
		7D6CDB2F1A97E6AE00E8D534 /* Base */ = {isa = PBXFileReference; lastKnownFileType = file.xib; name = Base; path = Base.lproj/MainMenu.xib; sourceTree = "<group>"; };
		7D6CDB351A97E6AE00E8D534 /* SpeakLineTests.xctest */ = {isa = PBXFileReference; explicitFileType = wrapper.cfbundle; includeInIndex = 0; path = SpeakLineTests.xctest; sourceTree = BUILT_PRODUCTS_DIR; };
		7D6CDB3A1A97E6AE00E8D534 /* Info.plist */ = {isa = PBXFileReference; lastKnownFileType = text.plist.xml; path = Info.plist; sourceTree = "<group>"; };
		7D6CDB3B1A97E6AE00E8D534 /* SpeakLineTests.swift */ = {isa = PBXFileReference; lastKnownFileType = sourcecode.swift; path = SpeakLineTests.swift; sourceTree = "<group>"; };
		7D6CDB451A97E6F000E8D534 /* MainWindowController.swift */ = {isa = PBXFileReference; fileEncoding = 4; lastKnownFileType = sourcecode.swift; path = MainWindowController.swift; sourceTree = "<group>"; };
		7D6CDB461A97E6F000E8D534 /* MainWindowController.xib */ = {isa = PBXFileReference; fileEncoding = 4; lastKnownFileType = file.xib; path = MainWindowController.xib; sourceTree = "<group>"; };
/* End PBXFileReference section */

/* Begin PBXFrameworksBuildPhase section */
		7D6CDB221A97E6AE00E8D534 /* Frameworks */ = {
			isa = PBXFrameworksBuildPhase;
			buildActionMask = 2147483647;
			files = (
			);
			runOnlyForDeploymentPostprocessing = 0;
		};
		7D6CDB321A97E6AE00E8D534 /* Frameworks */ = {
			isa = PBXFrameworksBuildPhase;
			buildActionMask = 2147483647;
			files = (
			);
			runOnlyForDeploymentPostprocessing = 0;
		};
/* End PBXFrameworksBuildPhase section */

/* Begin PBXGroup section */
		7D6CDB1C1A97E6AE00E8D534 = {
			isa = PBXGroup;
			children = (
				7D6CDB271A97E6AE00E8D534 /* SpeakLine */,
				7D6CDB381A97E6AE00E8D534 /* SpeakLineTests */,
				7D6CDB261A97E6AE00E8D534 /* Products */,
			);
			sourceTree = "<group>";
		};
		7D6CDB261A97E6AE00E8D534 /* Products */ = {
			isa = PBXGroup;
			children = (
				7D6CDB251A97E6AE00E8D534 /* SpeakLine.app */,
				7D6CDB351A97E6AE00E8D534 /* SpeakLineTests.xctest */,
			);
			name = Products;
			sourceTree = "<group>";
		};
		7D6CDB271A97E6AE00E8D534 /* SpeakLine */ = {
			isa = PBXGroup;
			children = (
				7D6CDB2A1A97E6AE00E8D534 /* AppDelegate.swift */,
				7D6CDB2E1A97E6AE00E8D534 /* MainMenu.xib */,
				7D6CDB451A97E6F000E8D534 /* MainWindowController.swift */,
				7D6CDB461A97E6F000E8D534 /* MainWindowController.xib */,
				7D6CDB2C1A97E6AE00E8D534 /* Images.xcassets */,
				7D6CDB281A97E6AE00E8D534 /* Supporting Files */,
			);
			path = SpeakLine;
			sourceTree = "<group>";
		};
		7D6CDB281A97E6AE00E8D534 /* Supporting Files */ = {
			isa = PBXGroup;
			children = (
				7D6CDB291A97E6AE00E8D534 /* Info.plist */,
			);
			name = "Supporting Files";
			sourceTree = "<group>";
		};
		7D6CDB381A97E6AE00E8D534 /* SpeakLineTests */ = {
			isa = PBXGroup;
			children = (
				7D6CDB3B1A97E6AE00E8D534 /* SpeakLineTests.swift */,
				7D6CDB391A97E6AE00E8D534 /* Supporting Files */,
			);
			path = SpeakLineTests;
			sourceTree = "<group>";
		};
		7D6CDB391A97E6AE00E8D534 /* Supporting Files */ = {
			isa = PBXGroup;
			children = (
				7D6CDB3A1A97E6AE00E8D534 /* Info.plist */,
			);
			name = "Supporting Files";
			sourceTree = "<group>";
		};
/* End PBXGroup section */

/* Begin PBXNativeTarget section */
		7D6CDB241A97E6AE00E8D534 /* SpeakLine */ = {
			isa = PBXNativeTarget;
			buildConfigurationList = 7D6CDB3F1A97E6AE00E8D534 /* Build configuration list for PBXNativeTarget "SpeakLine" */;
			buildPhases = (
				7D6CDB211A97E6AE00E8D534 /* Sources */,
				7D6CDB221A97E6AE00E8D534 /* Frameworks */,
				7D6CDB231A97E6AE00E8D534 /* Resources */,
			);
			buildRules = (
			);
			dependencies = (
			);
			name = SpeakLine;
			productName = SpeakLine;
			productReference = 7D6CDB251A97E6AE00E8D534 /* SpeakLine.app */;
			productType = "com.apple.product-type.application";
		};
		7D6CDB341A97E6AE00E8D534 /* SpeakLineTests */ = {
			isa = PBXNativeTarget;
			buildConfigurationList = 7D6CDB421A97E6AE00E8D534 /* Build configuration list for PBXNativeTarget "SpeakLineTests" */;
			buildPhases = (
				7D6CDB311A97E6AE00E8D534 /* Sources */,
				7D6CDB321A97E6AE00E8D534 /* Frameworks */,
				7D6CDB331A97E6AE00E8D534 /* Resources */,
			);
			buildRules = (
			);
			dependencies = (
				7D6CDB371A97E6AE00E8D534 /* PBXTargetDependency */,
			);
			name = SpeakLineTests;
			productName = SpeakLineTests;
			productReference = 7D6CDB351A97E6AE00E8D534 /* SpeakLineTests.xctest */;
			productType = "com.apple.product-type.bundle.unit-test";
		};
/* End PBXNativeTarget section */

/* Begin PBXProject section */
		7D6CDB1D1A97E6AE00E8D534 /* Project object */ = {
			isa = PBXProject;
			attributes = {
				LastSwiftUpdateCheck = 0700;
				LastUpgradeCheck = 1020;
				ORGANIZATIONNAME = "Big Nerd Ranch";
				TargetAttributes = {
					7D6CDB241A97E6AE00E8D534 = {
						CreatedOnToolsVersion = 6.3;
						LastSwiftMigration = 1020;
					};
					7D6CDB341A97E6AE00E8D534 = {
						CreatedOnToolsVersion = 6.3;
						LastSwiftMigration = 1020;
						TestTargetID = 7D6CDB241A97E6AE00E8D534;
					};
				};
			};
			buildConfigurationList = 7D6CDB201A97E6AE00E8D534 /* Build configuration list for PBXProject "SpeakLine" */;
			compatibilityVersion = "Xcode 3.2";
			developmentRegion = en;
			hasScannedForEncodings = 0;
			knownRegions = (
				en,
				Base,
			);
			mainGroup = 7D6CDB1C1A97E6AE00E8D534;
			productRefGroup = 7D6CDB261A97E6AE00E8D534 /* Products */;
			projectDirPath = "";
			projectRoot = "";
			targets = (
				7D6CDB241A97E6AE00E8D534 /* SpeakLine */,
				7D6CDB341A97E6AE00E8D534 /* SpeakLineTests */,
			);
		};
/* End PBXProject section */

/* Begin PBXResourcesBuildPhase section */
		7D6CDB231A97E6AE00E8D534 /* Resources */ = {
			isa = PBXResourcesBuildPhase;
			buildActionMask = 2147483647;
			files = (
				7D6CDB2D1A97E6AE00E8D534 /* Images.xcassets in Resources */,
				7D6CDB481A97E6F000E8D534 /* MainWindowController.xib in Resources */,
				7D6CDB301A97E6AE00E8D534 /* MainMenu.xib in Resources */,
			);
			runOnlyForDeploymentPostprocessing = 0;
		};
		7D6CDB331A97E6AE00E8D534 /* Resources */ = {
			isa = PBXResourcesBuildPhase;
			buildActionMask = 2147483647;
			files = (
			);
			runOnlyForDeploymentPostprocessing = 0;
		};
/* End PBXResourcesBuildPhase section */

/* Begin PBXSourcesBuildPhase section */
		7D6CDB211A97E6AE00E8D534 /* Sources */ = {
			isa = PBXSourcesBuildPhase;
			buildActionMask = 2147483647;
			files = (
				7D6CDB471A97E6F000E8D534 /* MainWindowController.swift in Sources */,
				7D6CDB2B1A97E6AE00E8D534 /* AppDelegate.swift in Sources */,
			);
			runOnlyForDeploymentPostprocessing = 0;
		};
		7D6CDB311A97E6AE00E8D534 /* Sources */ = {
			isa = PBXSourcesBuildPhase;
			buildActionMask = 2147483647;
			files = (
				7D6CDB3C1A97E6AE00E8D534 /* SpeakLineTests.swift in Sources */,
			);
			runOnlyForDeploymentPostprocessing = 0;
		};
/* End PBXSourcesBuildPhase section */

/* Begin PBXTargetDependency section */
		7D6CDB371A97E6AE00E8D534 /* PBXTargetDependency */ = {
			isa = PBXTargetDependency;
			target = 7D6CDB241A97E6AE00E8D534 /* SpeakLine */;
			targetProxy = 7D6CDB361A97E6AE00E8D534 /* PBXContainerItemProxy */;
		};
/* End PBXTargetDependency section */

/* Begin PBXVariantGroup section */
		7D6CDB2E1A97E6AE00E8D534 /* MainMenu.xib */ = {
			isa = PBXVariantGroup;
			children = (
				7D6CDB2F1A97E6AE00E8D534 /* Base */,
			);
			name = MainMenu.xib;
			sourceTree = "<group>";
		};
/* End PBXVariantGroup section */

/* Begin XCBuildConfiguration section */
		7D6CDB3D1A97E6AE00E8D534 /* Debug */ = {
			isa = XCBuildConfiguration;
			buildSettings = {
				ALWAYS_SEARCH_USER_PATHS = NO;
				CLANG_ANALYZER_LOCALIZABILITY_NONLOCALIZED = YES;
				CLANG_CXX_LANGUAGE_STANDARD = "gnu++0x";
				CLANG_CXX_LIBRARY = "libc++";
				CLANG_ENABLE_MODULES = YES;
				CLANG_ENABLE_OBJC_ARC = YES;
				CLANG_WARN_BLOCK_CAPTURE_AUTORELEASING = YES;
				CLANG_WARN_BOOL_CONVERSION = YES;
				CLANG_WARN_COMMA = YES;
				CLANG_WARN_CONSTANT_CONVERSION = YES;
				CLANG_WARN_DEPRECATED_OBJC_IMPLEMENTATIONS = YES;
				CLANG_WARN_DIRECT_OBJC_ISA_USAGE = YES_ERROR;
				CLANG_WARN_EMPTY_BODY = YES;
				CLANG_WARN_ENUM_CONVERSION = YES;
				CLANG_WARN_INFINITE_RECURSION = YES;
				CLANG_WARN_INT_CONVERSION = YES;
				CLANG_WARN_NON_LITERAL_NULL_CONVERSION = YES;
				CLANG_WARN_OBJC_IMPLICIT_RETAIN_SELF = YES;
				CLANG_WARN_OBJC_LITERAL_CONVERSION = YES;
				CLANG_WARN_OBJC_ROOT_CLASS = YES_ERROR;
				CLANG_WARN_RANGE_LOOP_ANALYSIS = YES;
				CLANG_WARN_STRICT_PROTOTYPES = YES;
				CLANG_WARN_SUSPICIOUS_MOVE = YES;
				CLANG_WARN_UNREACHABLE_CODE = YES;
				CLANG_WARN__DUPLICATE_METHOD_MATCH = YES;
				CODE_SIGN_IDENTITY = "-";
				COPY_PHASE_STRIP = NO;
				DEBUG_INFORMATION_FORMAT = dwarf;
				ENABLE_STRICT_OBJC_MSGSEND = YES;
				ENABLE_TESTABILITY = YES;
				GCC_C_LANGUAGE_STANDARD = gnu99;
				GCC_DYNAMIC_NO_PIC = NO;
				GCC_NO_COMMON_BLOCKS = YES;
				GCC_OPTIMIZATION_LEVEL = 0;
				GCC_PREPROCESSOR_DEFINITIONS = (
					"DEBUG=1",
					"$(inherited)",
				);
				GCC_SYMBOLS_PRIVATE_EXTERN = NO;
				GCC_WARN_64_TO_32_BIT_CONVERSION = YES;
				GCC_WARN_ABOUT_RETURN_TYPE = YES_ERROR;
				GCC_WARN_UNDECLARED_SELECTOR = YES;
				GCC_WARN_UNINITIALIZED_AUTOS = YES_AGGRESSIVE;
				GCC_WARN_UNUSED_FUNCTION = YES;
				GCC_WARN_UNUSED_VARIABLE = YES;
				MACOSX_DEPLOYMENT_TARGET = 10.10;
				MTL_ENABLE_DEBUG_INFO = YES;
				ONLY_ACTIVE_ARCH = YES;
				SDKROOT = macosx;
				SWIFT_OPTIMIZATION_LEVEL = "-Onone";
			};
			name = Debug;
		};
		7D6CDB3E1A97E6AE00E8D534 /* Release */ = {
			isa = XCBuildConfiguration;
			buildSettings = {
				ALWAYS_SEARCH_USER_PATHS = NO;
				CLANG_ANALYZER_LOCALIZABILITY_NONLOCALIZED = YES;
				CLANG_CXX_LANGUAGE_STANDARD = "gnu++0x";
				CLANG_CXX_LIBRARY = "libc++";
				CLANG_ENABLE_MODULES = YES;
				CLANG_ENABLE_OBJC_ARC = YES;
				CLANG_WARN_BLOCK_CAPTURE_AUTORELEASING = YES;
				CLANG_WARN_BOOL_CONVERSION = YES;
				CLANG_WARN_COMMA = YES;
				CLANG_WARN_CONSTANT_CONVERSION = YES;
				CLANG_WARN_DEPRECATED_OBJC_IMPLEMENTATIONS = YES;
				CLANG_WARN_DIRECT_OBJC_ISA_USAGE = YES_ERROR;
				CLANG_WARN_EMPTY_BODY = YES;
				CLANG_WARN_ENUM_CONVERSION = YES;
				CLANG_WARN_INFINITE_RECURSION = YES;
				CLANG_WARN_INT_CONVERSION = YES;
				CLANG_WARN_NON_LITERAL_NULL_CONVERSION = YES;
				CLANG_WARN_OBJC_IMPLICIT_RETAIN_SELF = YES;
				CLANG_WARN_OBJC_LITERAL_CONVERSION = YES;
				CLANG_WARN_OBJC_ROOT_CLASS = YES_ERROR;
				CLANG_WARN_RANGE_LOOP_ANALYSIS = YES;
				CLANG_WARN_STRICT_PROTOTYPES = YES;
				CLANG_WARN_SUSPICIOUS_MOVE = YES;
				CLANG_WARN_UNREACHABLE_CODE = YES;
				CLANG_WARN__DUPLICATE_METHOD_MATCH = YES;
				CODE_SIGN_IDENTITY = "-";
				COPY_PHASE_STRIP = NO;
				DEBUG_INFORMATION_FORMAT = "dwarf-with-dsym";
				ENABLE_NS_ASSERTIONS = NO;
				ENABLE_STRICT_OBJC_MSGSEND = YES;
				GCC_C_LANGUAGE_STANDARD = gnu99;
				GCC_NO_COMMON_BLOCKS = YES;
				GCC_WARN_64_TO_32_BIT_CONVERSION = YES;
				GCC_WARN_ABOUT_RETURN_TYPE = YES_ERROR;
				GCC_WARN_UNDECLARED_SELECTOR = YES;
				GCC_WARN_UNINITIALIZED_AUTOS = YES_AGGRESSIVE;
				GCC_WARN_UNUSED_FUNCTION = YES;
				GCC_WARN_UNUSED_VARIABLE = YES;
				MACOSX_DEPLOYMENT_TARGET = 10.10;
				MTL_ENABLE_DEBUG_INFO = NO;
				SDKROOT = macosx;
				SWIFT_COMPILATION_MODE = wholemodule;
			};
			name = Release;
		};
		7D6CDB401A97E6AE00E8D534 /* Debug */ = {
			isa = XCBuildConfiguration;
			buildSettings = {
				ASSETCATALOG_COMPILER_APPICON_NAME = AppIcon;
				COMBINE_HIDPI_IMAGES = YES;
				INFOPLIST_FILE = SpeakLine/Info.plist;
				LD_RUNPATH_SEARCH_PATHS = "$(inherited) @executable_path/../Frameworks";
				PRODUCT_BUNDLE_IDENTIFIER = "com.bignerdranch.$(PRODUCT_NAME:rfc1034identifier)";
				PRODUCT_NAME = "$(TARGET_NAME)";
				SWIFT_SWIFT3_OBJC_INFERENCE = Off;
				SWIFT_VERSION = 5.0;
			};
			name = Debug;
		};
		7D6CDB411A97E6AE00E8D534 /* Release */ = {
			isa = XCBuildConfiguration;
			buildSettings = {
				ASSETCATALOG_COMPILER_APPICON_NAME = AppIcon;
				COMBINE_HIDPI_IMAGES = YES;
				INFOPLIST_FILE = SpeakLine/Info.plist;
				LD_RUNPATH_SEARCH_PATHS = "$(inherited) @executable_path/../Frameworks";
				PRODUCT_BUNDLE_IDENTIFIER = "com.bignerdranch.$(PRODUCT_NAME:rfc1034identifier)";
				PRODUCT_NAME = "$(TARGET_NAME)";
				SWIFT_SWIFT3_OBJC_INFERENCE = Off;
				SWIFT_VERSION = 5.0;
			};
			name = Release;
		};
		7D6CDB431A97E6AE00E8D534 /* Debug */ = {
			isa = XCBuildConfiguration;
			buildSettings = {
				BUNDLE_LOADER = "$(TEST_HOST)";
				COMBINE_HIDPI_IMAGES = YES;
				FRAMEWORK_SEARCH_PATHS = (
					"$(DEVELOPER_FRAMEWORKS_DIR)",
					"$(inherited)",
				);
				GCC_PREPROCESSOR_DEFINITIONS = (
					"DEBUG=1",
					"$(inherited)",
				);
				INFOPLIST_FILE = SpeakLineTests/Info.plist;
				LD_RUNPATH_SEARCH_PATHS = "$(inherited) @executable_path/../Frameworks @loader_path/../Frameworks";
				PRODUCT_BUNDLE_IDENTIFIER = "com.bignerdranch.$(PRODUCT_NAME:rfc1034identifier)";
				PRODUCT_NAME = "$(TARGET_NAME)";
				SWIFT_VERSION = 5.0;
				TEST_HOST = "$(BUILT_PRODUCTS_DIR)/SpeakLine.app/Contents/MacOS/SpeakLine";
			};
			name = Debug;
		};
		7D6CDB441A97E6AE00E8D534 /* Release */ = {
			isa = XCBuildConfiguration;
			buildSettings = {
				BUNDLE_LOADER = "$(TEST_HOST)";
				COMBINE_HIDPI_IMAGES = YES;
				FRAMEWORK_SEARCH_PATHS = (
					"$(DEVELOPER_FRAMEWORKS_DIR)",
					"$(inherited)",
				);
				INFOPLIST_FILE = SpeakLineTests/Info.plist;
				LD_RUNPATH_SEARCH_PATHS = "$(inherited) @executable_path/../Frameworks @loader_path/../Frameworks";
				PRODUCT_BUNDLE_IDENTIFIER = "com.bignerdranch.$(PRODUCT_NAME:rfc1034identifier)";
				PRODUCT_NAME = "$(TARGET_NAME)";
				SWIFT_VERSION = 5.0;
				TEST_HOST = "$(BUILT_PRODUCTS_DIR)/SpeakLine.app/Contents/MacOS/SpeakLine";
			};
			name = Release;
		};
/* End XCBuildConfiguration section */

/* Begin XCConfigurationList section */
		7D6CDB201A97E6AE00E8D534 /* Build configuration list for PBXProject "SpeakLine" */ = {
			isa = XCConfigurationList;
			buildConfigurations = (
				7D6CDB3D1A97E6AE00E8D534 /* Debug */,
				7D6CDB3E1A97E6AE00E8D534 /* Release */,
			);
			defaultConfigurationIsVisible = 0;
			defaultConfigurationName = Release;
		};
		7D6CDB3F1A97E6AE00E8D534 /* Build configuration list for PBXNativeTarget "SpeakLine" */ = {
			isa = XCConfigurationList;
			buildConfigurations = (
				7D6CDB401A97E6AE00E8D534 /* Debug */,
				7D6CDB411A97E6AE00E8D534 /* Release */,
			);
			defaultConfigurationIsVisible = 0;
			defaultConfigurationName = Release;
		};
		7D6CDB421A97E6AE00E8D534 /* Build configuration list for PBXNativeTarget "SpeakLineTests" */ = {
			isa = XCConfigurationList;
			buildConfigurations = (
				7D6CDB431A97E6AE00E8D534 /* Debug */,
				7D6CDB441A97E6AE00E8D534 /* Release */,
			);
			defaultConfigurationIsVisible = 0;
			defaultConfigurationName = Release;
		};
/* End XCConfigurationList section */
	};
	rootObject = 7D6CDB1D1A97E6AE00E8D534 /* Project object */;
}
